
Microsoft Visual Studio Solution File, Format Version 12.00
# Visual Studio Version 17
VisualStudioVersion = 17.14.37012.4 d17.14
MinimumVisualStudioVersion = 10.0.40219.1
Project("{F2A71F9B-5D33-465A-A702-920D77279786}") = "EvenNumbers", "EvenNumbers.fsproj", "{8CEFE140-4C36-493C-A70E-63B13FB11ECD}"
EndProject
Project("{F2A71F9B-5D33-465A-A702-920D77279786}") = "EvenNumbersTests", "..\EvenNumbersTests\EvenNumbersTests.fsproj", "{5188B2FF-4A55-4662-8E62-385261CAC5C0}"
EndProject
Global
	GlobalSection(SolutionConfigurationPlatforms) = preSolution
		Debug|Any CPU = Debug|Any CPU
		Release|Any CPU = Release|Any CPU
	EndGlobalSection
	GlobalSection(ProjectConfigurationPlatforms) = postSolution
		{8CEFE140-4C36-493C-A70E-63B13FB11ECD}.Debug|Any CPU.ActiveCfg = Debug|Any CPU
		{8CEFE140-4C36-493C-A70E-63B13FB11ECD}.Debug|Any CPU.Build.0 = Debug|Any CPU
		{8CEFE140-4C36-493C-A70E-63B13FB11ECD}.Release|Any CPU.ActiveCfg = Release|Any CPU
		{8CEFE140-4C36-493C-A70E-63B13FB11ECD}.Release|Any CPU.Build.0 = Release|Any CPU
		{5188B2FF-4A55-4662-8E62-385261CAC5C0}.Debug|Any CPU.ActiveCfg = Debug|Any CPU
		{5188B2FF-4A55-4662-8E62-385261CAC5C0}.Debug|Any CPU.Build.0 = Debug|Any CPU
		{5188B2FF-4A55-4662-8E62-385261CAC5C0}.Release|Any CPU.ActiveCfg = Release|Any CPU
		{5188B2FF-4A55-4662-8E62-385261CAC5C0}.Release|Any CPU.Build.0 = Release|Any CPU
	EndGlobalSection
	GlobalSection(SolutionProperties) = preSolution
		HideSolutionNode = FALSE
	EndGlobalSection
	GlobalSection(ExtensibilityGlobals) = postSolution
		SolutionGuid = {AC6C6385-32EB-480A-98E6-6168D4F25A23}
	EndGlobalSection
EndGlobal
