
Microsoft Visual Studio Solution File, Format Version 12.00
# Visual Studio Version 17
VisualStudioVersion = 17.14.37012.4 d17.14
MinimumVisualStudioVersion = 10.0.40219.1
Project("{F2A71F9B-5D33-465A-A702-920D77279786}") = "Task3", "Task3.fsproj", "{79078828-88AE-442D-9EF6-3D9329BE180C}"
EndProject
Project("{F2A71F9B-5D33-465A-A702-920D77279786}") = "Task3.Tests", "..\Task3.Tests\Task3.Tests.fsproj", "{B566F1A9-60EE-4F50-9F0D-31376C66EDF8}"
EndProject
Global
	GlobalSection(SolutionConfigurationPlatforms) = preSolution
		Debug|Any CPU = Debug|Any CPU
		Release|Any CPU = Release|Any CPU
	EndGlobalSection
	GlobalSection(ProjectConfigurationPlatforms) = postSolution
		{79078828-88AE-442D-9EF6-3D9329BE180C}.Debug|Any CPU.ActiveCfg = Debug|Any CPU
		{79078828-88AE-442D-9EF6-3D9329BE180C}.Debug|Any CPU.Build.0 = Debug|Any CPU
		{79078828-88AE-442D-9EF6-3D9329BE180C}.Release|Any CPU.ActiveCfg = Release|Any CPU
		{79078828-88AE-442D-9EF6-3D9329BE180C}.Release|Any CPU.Build.0 = Release|Any CPU
		{B566F1A9-60EE-4F50-9F0D-31376C66EDF8}.Debug|Any CPU.ActiveCfg = Debug|Any CPU
		{B566F1A9-60EE-4F50-9F0D-31376C66EDF8}.Debug|Any CPU.Build.0 = Debug|Any CPU
		{B566F1A9-60EE-4F50-9F0D-31376C66EDF8}.Release|Any CPU.ActiveCfg = Release|Any CPU
		{B566F1A9-60EE-4F50-9F0D-31376C66EDF8}.Release|Any CPU.Build.0 = Release|Any CPU
	EndGlobalSection
	GlobalSection(SolutionProperties) = preSolution
		HideSolutionNode = FALSE
	EndGlobalSection
	GlobalSection(ExtensibilityGlobals) = postSolution
		SolutionGuid = {FB289250-2A46-4D90-AEBA-2E08EE34757B}
	EndGlobalSection
EndGlobal
