
Microsoft Visual Studio Solution File, Format Version 12.00
# Visual Studio Version 17
VisualStudioVersion = 17.14.37012.4 d17.14
MinimumVisualStudioVersion = 10.0.40219.1
Project("{F2A71F9B-5D33-465A-A702-920D77279786}") = "ListReverse", "ListReverse.fsproj", "{2B2F3479-2127-46A7-86F2-C9F156B17A8B}"
EndProject
Project("{F2A71F9B-5D33-465A-A702-920D77279786}") = "ListReverseTests", "..\ListReverseTests\ListReverseTests.fsproj", "{7383123E-B383-43DA-95BC-760B7D66F6BD}"
EndProject
Global
	GlobalSection(SolutionConfigurationPlatforms) = preSolution
		Debug|Any CPU = Debug|Any CPU
		Release|Any CPU = Release|Any CPU
	EndGlobalSection
	GlobalSection(ProjectConfigurationPlatforms) = postSolution
		{2B2F3479-2127-46A7-86F2-C9F156B17A8B}.Debug|Any CPU.ActiveCfg = Debug|Any CPU
		{2B2F3479-2127-46A7-86F2-C9F156B17A8B}.Debug|Any CPU.Build.0 = Debug|Any CPU
		{2B2F3479-2127-46A7-86F2-C9F156B17A8B}.Release|Any CPU.ActiveCfg = Release|Any CPU
		{2B2F3479-2127-46A7-86F2-C9F156B17A8B}.Release|Any CPU.Build.0 = Release|Any CPU
		{7383123E-B383-43DA-95BC-760B7D66F6BD}.Debug|Any CPU.ActiveCfg = Debug|Any CPU
		{7383123E-B383-43DA-95BC-760B7D66F6BD}.Debug|Any CPU.Build.0 = Debug|Any CPU
		{7383123E-B383-43DA-95BC-760B7D66F6BD}.Release|Any CPU.ActiveCfg = Release|Any CPU
		{7383123E-B383-43DA-95BC-760B7D66F6BD}.Release|Any CPU.Build.0 = Release|Any CPU
	EndGlobalSection
	GlobalSection(SolutionProperties) = preSolution
		HideSolutionNode = FALSE
	EndGlobalSection
	GlobalSection(ExtensibilityGlobals) = postSolution
		SolutionGuid = {A64C24F3-DAA9-4337-84F7-67692D182F1E}
	EndGlobalSection
EndGlobal
