
Microsoft Visual Studio Solution File, Format Version 12.00
# Visual Studio Version 17
VisualStudioVersion = 17.14.37012.4 d17.14
MinimumVisualStudioVersion = 10.0.40219.1
Project("{F2A71F9B-5D33-465A-A702-920D77279786}") = "CalculationsOnLines", "CalculationsOnLines.fsproj", "{2599DD1D-A385-4CF9-A546-55A1A1C6F16C}"
EndProject
Project("{F2A71F9B-5D33-465A-A702-920D77279786}") = "CalculationsOnLinesTests", "..\CalculationsOnLinesTests\CalculationsOnLinesTests.fsproj", "{1F1C1EBF-AC56-4D84-B8D7-47CDEB9FD56B}"
EndProject
Global
	GlobalSection(SolutionConfigurationPlatforms) = preSolution
		Debug|Any CPU = Debug|Any CPU
		Release|Any CPU = Release|Any CPU
	EndGlobalSection
	GlobalSection(ProjectConfigurationPlatforms) = postSolution
		{2599DD1D-A385-4CF9-A546-55A1A1C6F16C}.Debug|Any CPU.ActiveCfg = Debug|Any CPU
		{2599DD1D-A385-4CF9-A546-55A1A1C6F16C}.Debug|Any CPU.Build.0 = Debug|Any CPU
		{2599DD1D-A385-4CF9-A546-55A1A1C6F16C}.Release|Any CPU.ActiveCfg = Release|Any CPU
		{2599DD1D-A385-4CF9-A546-55A1A1C6F16C}.Release|Any CPU.Build.0 = Release|Any CPU
		{1F1C1EBF-AC56-4D84-B8D7-47CDEB9FD56B}.Debug|Any CPU.ActiveCfg = Debug|Any CPU
		{1F1C1EBF-AC56-4D84-B8D7-47CDEB9FD56B}.Debug|Any CPU.Build.0 = Debug|Any CPU
		{1F1C1EBF-AC56-4D84-B8D7-47CDEB9FD56B}.Release|Any CPU.ActiveCfg = Release|Any CPU
		{1F1C1EBF-AC56-4D84-B8D7-47CDEB9FD56B}.Release|Any CPU.Build.0 = Release|Any CPU
	EndGlobalSection
	GlobalSection(SolutionProperties) = preSolution
		HideSolutionNode = FALSE
	EndGlobalSection
	GlobalSection(ExtensibilityGlobals) = postSolution
		SolutionGuid = {CD4B3C01-9ABE-4360-A5C3-27456265CFE2}
	EndGlobalSection
EndGlobal
