
Microsoft Visual Studio Solution File, Format Version 12.00
# Visual Studio Version 17
VisualStudioVersion = 17.14.37012.4 d17.14
MinimumVisualStudioVersion = 10.0.40219.1
Project("{F2A71F9B-5D33-465A-A702-920D77279786}") = "Fibonacci", "Fibonacci.fsproj", "{A99E1803-563C-45FE-8E10-4F6081945EB4}"
EndProject
Project("{F2A71F9B-5D33-465A-A702-920D77279786}") = "FibonacciTests", "..\FibonacciTests\FibonacciTests.fsproj", "{26B0CA0A-F060-415E-94F6-50C10612D5F2}"
EndProject
Global
	GlobalSection(SolutionConfigurationPlatforms) = preSolution
		Debug|Any CPU = Debug|Any CPU
		Release|Any CPU = Release|Any CPU
	EndGlobalSection
	GlobalSection(ProjectConfigurationPlatforms) = postSolution
		{A99E1803-563C-45FE-8E10-4F6081945EB4}.Debug|Any CPU.ActiveCfg = Debug|Any CPU
		{A99E1803-563C-45FE-8E10-4F6081945EB4}.Debug|Any CPU.Build.0 = Debug|Any CPU
		{A99E1803-563C-45FE-8E10-4F6081945EB4}.Release|Any CPU.ActiveCfg = Release|Any CPU
		{A99E1803-563C-45FE-8E10-4F6081945EB4}.Release|Any CPU.Build.0 = Release|Any CPU
		{26B0CA0A-F060-415E-94F6-50C10612D5F2}.Debug|Any CPU.ActiveCfg = Debug|Any CPU
		{26B0CA0A-F060-415E-94F6-50C10612D5F2}.Debug|Any CPU.Build.0 = Debug|Any CPU
		{26B0CA0A-F060-415E-94F6-50C10612D5F2}.Release|Any CPU.ActiveCfg = Release|Any CPU
		{26B0CA0A-F060-415E-94F6-50C10612D5F2}.Release|Any CPU.Build.0 = Release|Any CPU
	EndGlobalSection
	GlobalSection(SolutionProperties) = preSolution
		HideSolutionNode = FALSE
	EndGlobalSection
	GlobalSection(ExtensibilityGlobals) = postSolution
		SolutionGuid = {C726AFDA-E213-4A1F-8BC1-041E9657DE66}
	EndGlobalSection
EndGlobal
