
Microsoft Visual Studio Solution File, Format Version 12.00
# Visual Studio Version 17
VisualStudioVersion = 17.14.37012.4 d17.14
MinimumVisualStudioVersion = 10.0.40219.1
Project("{F2A71F9B-5D33-465A-A702-920D77279786}") = "Task1", "Task1.fsproj", "{F5A843EE-4949-433C-888A-F9CD98EA9BA5}"
EndProject
Project("{F2A71F9B-5D33-465A-A702-920D77279786}") = "Task1Tests", "..\Task1Tests\Task1Tests.fsproj", "{BC6D5D24-F8A9-40F4-8BE6-26DD3A290011}"
EndProject
Global
	GlobalSection(SolutionConfigurationPlatforms) = preSolution
		Debug|Any CPU = Debug|Any CPU
		Release|Any CPU = Release|Any CPU
	EndGlobalSection
	GlobalSection(ProjectConfigurationPlatforms) = postSolution
		{F5A843EE-4949-433C-888A-F9CD98EA9BA5}.Debug|Any CPU.ActiveCfg = Debug|Any CPU
		{F5A843EE-4949-433C-888A-F9CD98EA9BA5}.Debug|Any CPU.Build.0 = Debug|Any CPU
		{F5A843EE-4949-433C-888A-F9CD98EA9BA5}.Release|Any CPU.ActiveCfg = Release|Any CPU
		{F5A843EE-4949-433C-888A-F9CD98EA9BA5}.Release|Any CPU.Build.0 = Release|Any CPU
		{BC6D5D24-F8A9-40F4-8BE6-26DD3A290011}.Debug|Any CPU.ActiveCfg = Debug|Any CPU
		{BC6D5D24-F8A9-40F4-8BE6-26DD3A290011}.Debug|Any CPU.Build.0 = Debug|Any CPU
		{BC6D5D24-F8A9-40F4-8BE6-26DD3A290011}.Release|Any CPU.ActiveCfg = Release|Any CPU
		{BC6D5D24-F8A9-40F4-8BE6-26DD3A290011}.Release|Any CPU.Build.0 = Release|Any CPU
	EndGlobalSection
	GlobalSection(SolutionProperties) = preSolution
		HideSolutionNode = FALSE
	EndGlobalSection
	GlobalSection(ExtensibilityGlobals) = postSolution
		SolutionGuid = {14989067-F204-4966-BA0F-63044AE58C5C}
	EndGlobalSection
EndGlobal
