
Microsoft Visual Studio Solution File, Format Version 12.00
# Visual Studio Version 17
VisualStudioVersion = 17.14.37012.4 d17.14
MinimumVisualStudioVersion = 10.0.40219.1
Project("{F2A71F9B-5D33-465A-A702-920D77279786}") = "PrimeNumbers", "PrimeNumbers.fsproj", "{EC6F37C6-040E-4D8F-AF3A-AC23D880E4FD}"
EndProject
Project("{F2A71F9B-5D33-465A-A702-920D77279786}") = "PrimeNumbersTests", "..\PrimeNumbersTests\PrimeNumbersTests.fsproj", "{AC642E40-C690-43E6-9173-52F74398A587}"
EndProject
Global
	GlobalSection(SolutionConfigurationPlatforms) = preSolution
		Debug|Any CPU = Debug|Any CPU
		Release|Any CPU = Release|Any CPU
	EndGlobalSection
	GlobalSection(ProjectConfigurationPlatforms) = postSolution
		{EC6F37C6-040E-4D8F-AF3A-AC23D880E4FD}.Debug|Any CPU.ActiveCfg = Debug|Any CPU
		{EC6F37C6-040E-4D8F-AF3A-AC23D880E4FD}.Debug|Any CPU.Build.0 = Debug|Any CPU
		{EC6F37C6-040E-4D8F-AF3A-AC23D880E4FD}.Release|Any CPU.ActiveCfg = Release|Any CPU
		{EC6F37C6-040E-4D8F-AF3A-AC23D880E4FD}.Release|Any CPU.Build.0 = Release|Any CPU
		{AC642E40-C690-43E6-9173-52F74398A587}.Debug|Any CPU.ActiveCfg = Debug|Any CPU
		{AC642E40-C690-43E6-9173-52F74398A587}.Debug|Any CPU.Build.0 = Debug|Any CPU
		{AC642E40-C690-43E6-9173-52F74398A587}.Release|Any CPU.ActiveCfg = Release|Any CPU
		{AC642E40-C690-43E6-9173-52F74398A587}.Release|Any CPU.Build.0 = Release|Any CPU
	EndGlobalSection
	GlobalSection(SolutionProperties) = preSolution
		HideSolutionNode = FALSE
	EndGlobalSection
	GlobalSection(ExtensibilityGlobals) = postSolution
		SolutionGuid = {DC65CA95-5B39-475E-85A5-C33664ADA74C}
	EndGlobalSection
EndGlobal
