
Microsoft Visual Studio Solution File, Format Version 12.00
# Visual Studio Version 17
VisualStudioVersion = 17.14.37012.4 d17.14
MinimumVisualStudioVersion = 10.0.40219.1
Project("{F2A71F9B-5D33-465A-A702-920D77279786}") = "LocalNetwork", "LocalNetwork.fsproj", "{E8675FF6-258A-4432-A1AF-C7B4A758AA5A}"
EndProject
Project("{F2A71F9B-5D33-465A-A702-920D77279786}") = "LocalNetworkTests", "..\LocalNetworkTests\LocalNetworkTests.fsproj", "{C0C34CE3-37CC-4A4E-8D26-1FBB2FDCB55E}"
EndProject
Global
	GlobalSection(SolutionConfigurationPlatforms) = preSolution
		Debug|Any CPU = Debug|Any CPU
		Release|Any CPU = Release|Any CPU
	EndGlobalSection
	GlobalSection(ProjectConfigurationPlatforms) = postSolution
		{E8675FF6-258A-4432-A1AF-C7B4A758AA5A}.Debug|Any CPU.ActiveCfg = Debug|Any CPU
		{E8675FF6-258A-4432-A1AF-C7B4A758AA5A}.Debug|Any CPU.Build.0 = Debug|Any CPU
		{E8675FF6-258A-4432-A1AF-C7B4A758AA5A}.Release|Any CPU.ActiveCfg = Release|Any CPU
		{E8675FF6-258A-4432-A1AF-C7B4A758AA5A}.Release|Any CPU.Build.0 = Release|Any CPU
		{C0C34CE3-37CC-4A4E-8D26-1FBB2FDCB55E}.Debug|Any CPU.ActiveCfg = Debug|Any CPU
		{C0C34CE3-37CC-4A4E-8D26-1FBB2FDCB55E}.Debug|Any CPU.Build.0 = Debug|Any CPU
		{C0C34CE3-37CC-4A4E-8D26-1FBB2FDCB55E}.Release|Any CPU.ActiveCfg = Release|Any CPU
		{C0C34CE3-37CC-4A4E-8D26-1FBB2FDCB55E}.Release|Any CPU.Build.0 = Release|Any CPU
	EndGlobalSection
	GlobalSection(SolutionProperties) = preSolution
		HideSolutionNode = FALSE
	EndGlobalSection
	GlobalSection(ExtensibilityGlobals) = postSolution
		SolutionGuid = {A6F74FBF-1BF8-43AE-B796-22463A8E2C54}
	EndGlobalSection
EndGlobal
